
Microsoft Visual Studio Solution File, Format Version 12.00
# Visual Studio Version 17
VisualStudioVersion = 17.7.34031.279
MinimumVisualStudioVersion = 10.0.40219.1
Project("{9A19103F-16F7-4668-BE54-9A1E7A4F7556}") = "PersonalCV", "PersonalCV\PersonalCV.csproj", "{0F4BDB16-E58D-42F0-A0EC-06E22D9A37A2}"
EndProject
Project("{9A19103F-16F7-4668-BE54-9A1E7A4F7556}") = "PersonalCV.Data", "PersonalCV.Data\PersonalCV.Data.csproj", "{A5119DC9-4EA3-429B-A77F-A8B3FB265437}"
EndProject
Project("{9A19103F-16F7-4668-BE54-9A1E7A4F7556}") = "PersonalCV.Domain", "PersonalCV.Domain\PersonalCV.Domain.csproj", "{A742458A-054D-496C-9F3F-B0C73258921B}"
EndProject
Global
	GlobalSection(SolutionConfigurationPlatforms) = preSolution
		Debug|Any CPU = Debug|Any CPU
		Release|Any CPU = Release|Any CPU
	EndGlobalSection
	GlobalSection(ProjectConfigurationPlatforms) = postSolution
		{0F4BDB16-E58D-42F0-A0EC-06E22D9A37A2}.Debug|Any CPU.ActiveCfg = Debug|Any CPU
		{0F4BDB16-E58D-42F0-A0EC-06E22D9A37A2}.Debug|Any CPU.Build.0 = Debug|Any CPU
		{0F4BDB16-E58D-42F0-A0EC-06E22D9A37A2}.Release|Any CPU.ActiveCfg = Release|Any CPU
		{0F4BDB16-E58D-42F0-A0EC-06E22D9A37A2}.Release|Any CPU.Build.0 = Release|Any CPU
		{A5119DC9-4EA3-429B-A77F-A8B3FB265437}.Debug|Any CPU.ActiveCfg = Debug|Any CPU
		{A5119DC9-4EA3-429B-A77F-A8B3FB265437}.Debug|Any CPU.Build.0 = Debug|Any CPU
		{A5119DC9-4EA3-429B-A77F-A8B3FB265437}.Release|Any CPU.ActiveCfg = Release|Any CPU
		{A5119DC9-4EA3-429B-A77F-A8B3FB265437}.Release|Any CPU.Build.0 = Release|Any CPU
		{A742458A-054D-496C-9F3F-B0C73258921B}.Debug|Any CPU.ActiveCfg = Debug|Any CPU
		{A742458A-054D-496C-9F3F-B0C73258921B}.Debug|Any CPU.Build.0 = Debug|Any CPU
		{A742458A-054D-496C-9F3F-B0C73258921B}.Release|Any CPU.ActiveCfg = Release|Any CPU
		{A742458A-054D-496C-9F3F-B0C73258921B}.Release|Any CPU.Build.0 = Release|Any CPU
	EndGlobalSection
	GlobalSection(SolutionProperties) = preSolution
		HideSolutionNode = FALSE
	EndGlobalSection
	GlobalSection(ExtensibilityGlobals) = postSolution
		SolutionGuid = {2B28FF12-F15B-40F1-82AB-75AFD4D4A2BE}
	EndGlobalSection
EndGlobal
